
Microsoft Visual Studio Solution File, Format Version 12.00
# Visual Studio Version 16
VisualStudioVersion = 16.0.31911.196
MinimumVisualStudioVersion = 10.0.40219.1
Project("{2150E333-8FDC-42A3-9474-1A3956D46DE8}") = "Microservices", "Microservices", "{8FC6157D-919E-45A7-85E2-0A3F2D78E8BF}"
EndProject
Project("{FAE04EC0-301F-11D3-BF4B-00C04F79EFBC}") = "StudentMicroService", "StudentMicroService\StudentMicroService.csproj", "{77033E05-82C8-411D-BB4D-FD589A63F1C5}"
EndProject
Project("{FAE04EC0-301F-11D3-BF4B-00C04F79EFBC}") = "DeptMicroservice", "DeptMicroservice\DeptMicroservice.csproj", "{3BDF4565-BBCE-40AD-A3E6-FF42B7EFC676}"
EndProject
Project("{FAE04EC0-301F-11D3-BF4B-00C04F79EFBC}") = "ApiGateway", "ApiGateway\ApiGateway.csproj", "{3CF0C2BA-9715-45E7-9A48-045D4B3E93FD}"
EndProject
Project("{FAE04EC0-301F-11D3-BF4B-00C04F79EFBC}") = "SharedModels", "SharedModels\SharedModels.csproj", "{C47444A3-BE00-4ABE-9363-9A8AB1A80482}"
EndProject
Global
	GlobalSection(SolutionConfigurationPlatforms) = preSolution
		Debug|Any CPU = Debug|Any CPU
		Release|Any CPU = Release|Any CPU
	EndGlobalSection
	GlobalSection(ProjectConfigurationPlatforms) = postSolution
		{77033E05-82C8-411D-BB4D-FD589A63F1C5}.Debug|Any CPU.ActiveCfg = Debug|Any CPU
		{77033E05-82C8-411D-BB4D-FD589A63F1C5}.Debug|Any CPU.Build.0 = Debug|Any CPU
		{77033E05-82C8-411D-BB4D-FD589A63F1C5}.Release|Any CPU.ActiveCfg = Release|Any CPU
		{77033E05-82C8-411D-BB4D-FD589A63F1C5}.Release|Any CPU.Build.0 = Release|Any CPU
		{3BDF4565-BBCE-40AD-A3E6-FF42B7EFC676}.Debug|Any CPU.ActiveCfg = Debug|Any CPU
		{3BDF4565-BBCE-40AD-A3E6-FF42B7EFC676}.Debug|Any CPU.Build.0 = Debug|Any CPU
		{3BDF4565-BBCE-40AD-A3E6-FF42B7EFC676}.Release|Any CPU.ActiveCfg = Release|Any CPU
		{3BDF4565-BBCE-40AD-A3E6-FF42B7EFC676}.Release|Any CPU.Build.0 = Release|Any CPU
		{3CF0C2BA-9715-45E7-9A48-045D4B3E93FD}.Debug|Any CPU.ActiveCfg = Debug|Any CPU
		{3CF0C2BA-9715-45E7-9A48-045D4B3E93FD}.Debug|Any CPU.Build.0 = Debug|Any CPU
		{3CF0C2BA-9715-45E7-9A48-045D4B3E93FD}.Release|Any CPU.ActiveCfg = Release|Any CPU
		{3CF0C2BA-9715-45E7-9A48-045D4B3E93FD}.Release|Any CPU.Build.0 = Release|Any CPU
		{C47444A3-BE00-4ABE-9363-9A8AB1A80482}.Debug|Any CPU.ActiveCfg = Debug|Any CPU
		{C47444A3-BE00-4ABE-9363-9A8AB1A80482}.Debug|Any CPU.Build.0 = Debug|Any CPU
		{C47444A3-BE00-4ABE-9363-9A8AB1A80482}.Release|Any CPU.ActiveCfg = Release|Any CPU
		{C47444A3-BE00-4ABE-9363-9A8AB1A80482}.Release|Any CPU.Build.0 = Release|Any CPU
	EndGlobalSection
	GlobalSection(SolutionProperties) = preSolution
		HideSolutionNode = FALSE
	EndGlobalSection
	GlobalSection(NestedProjects) = preSolution
		{77033E05-82C8-411D-BB4D-FD589A63F1C5} = {8FC6157D-919E-45A7-85E2-0A3F2D78E8BF}
		{3BDF4565-BBCE-40AD-A3E6-FF42B7EFC676} = {8FC6157D-919E-45A7-85E2-0A3F2D78E8BF}
	EndGlobalSection
	GlobalSection(ExtensibilityGlobals) = postSolution
		SolutionGuid = {D25C3A10-E08A-4D73-BF77-73DD8089ADE8}
	EndGlobalSection
EndGlobal
